
Microsoft Visual Studio Solution File, Format Version 12.00
# Visual Studio Version 17
VisualStudioVersion = 17.7.34202.233
MinimumVisualStudioVersion = 10.0.40219.1
Project("{FAE04EC0-301F-11D3-BF4B-00C04F79EFBC}") = "GitHub", "GitHub\GitHub.csproj", "{63C091D1-56B4-4DCB-9E9A-B8EB3C031543}"
EndProject
Global
	GlobalSection(SolutionConfigurationPlatforms) = preSolution
		Debug|Any CPU = Debug|Any CPU
		Release|Any CPU = Release|Any CPU
	EndGlobalSection
	GlobalSection(ProjectConfigurationPlatforms) = postSolution
		{63C091D1-56B4-4DCB-9E9A-B8EB3C031543}.Debug|Any CPU.ActiveCfg = Debug|Any CPU
		{63C091D1-56B4-4DCB-9E9A-B8EB3C031543}.Debug|Any CPU.Build.0 = Debug|Any CPU
		{63C091D1-56B4-4DCB-9E9A-B8EB3C031543}.Release|Any CPU.ActiveCfg = Release|Any CPU
		{63C091D1-56B4-4DCB-9E9A-B8EB3C031543}.Release|Any CPU.Build.0 = Release|Any CPU
	EndGlobalSection
	GlobalSection(SolutionProperties) = preSolution
		HideSolutionNode = FALSE
	EndGlobalSection
	GlobalSection(ExtensibilityGlobals) = postSolution
		SolutionGuid = {D0404608-6DCB-456A-9FF0-67A4D77FC5F4}
	EndGlobalSection
EndGlobal
